
Microsoft Visual Studio Solution File, Format Version 12.00
# Visual Studio 2012
Project("{FAE04EC0-301F-11D3-BF4B-00C04F79EFBC}") = "HouseWithAWindow", "problem1\HouseWithAWindow.csproj", "{46F56B15-2147-46C5-B063-83759387545D}"
EndProject
Project("{FAE04EC0-301F-11D3-BF4B-00C04F79EFBC}") = "Electricity", "Electricity\Electricity.csproj", "{D8FEDEB4-EB34-4C71-AD32-669C53AB5621}"
EndProject
Project("{FAE04EC0-301F-11D3-BF4B-00C04F79EFBC}") = "ChangeEvenBits", "ChangeEvenBits\ChangeEvenBits.csproj", "{809336F1-4146-4D94-9503-7D8E5FC6C450}"
EndProject
Project("{FAE04EC0-301F-11D3-BF4B-00C04F79EFBC}") = "OddAndEvenJumps", "OddAndEvenJumps\OddAndEvenJumps.csproj", "{7808E922-FD11-4835-BB1B-8EB9D24E21A5}"
EndProject
Project("{FAE04EC0-301F-11D3-BF4B-00C04F79EFBC}") = "NakovsMatching", "NakovsMatching\NakovsMatching.csproj", "{94072466-DC1F-4621-B4A2-5D5B9F2F0BC1}"
EndProject
Global
	GlobalSection(SolutionConfigurationPlatforms) = preSolution
		Debug|Any CPU = Debug|Any CPU
		Release|Any CPU = Release|Any CPU
	EndGlobalSection
	GlobalSection(ProjectConfigurationPlatforms) = postSolution
		{46F56B15-2147-46C5-B063-83759387545D}.Debug|Any CPU.ActiveCfg = Debug|Any CPU
		{46F56B15-2147-46C5-B063-83759387545D}.Debug|Any CPU.Build.0 = Debug|Any CPU
		{46F56B15-2147-46C5-B063-83759387545D}.Release|Any CPU.ActiveCfg = Release|Any CPU
		{46F56B15-2147-46C5-B063-83759387545D}.Release|Any CPU.Build.0 = Release|Any CPU
		{D8FEDEB4-EB34-4C71-AD32-669C53AB5621}.Debug|Any CPU.ActiveCfg = Debug|Any CPU
		{D8FEDEB4-EB34-4C71-AD32-669C53AB5621}.Debug|Any CPU.Build.0 = Debug|Any CPU
		{D8FEDEB4-EB34-4C71-AD32-669C53AB5621}.Release|Any CPU.ActiveCfg = Release|Any CPU
		{D8FEDEB4-EB34-4C71-AD32-669C53AB5621}.Release|Any CPU.Build.0 = Release|Any CPU
		{809336F1-4146-4D94-9503-7D8E5FC6C450}.Debug|Any CPU.ActiveCfg = Debug|Any CPU
		{809336F1-4146-4D94-9503-7D8E5FC6C450}.Debug|Any CPU.Build.0 = Debug|Any CPU
		{809336F1-4146-4D94-9503-7D8E5FC6C450}.Release|Any CPU.ActiveCfg = Release|Any CPU
		{809336F1-4146-4D94-9503-7D8E5FC6C450}.Release|Any CPU.Build.0 = Release|Any CPU
		{7808E922-FD11-4835-BB1B-8EB9D24E21A5}.Debug|Any CPU.ActiveCfg = Debug|Any CPU
		{7808E922-FD11-4835-BB1B-8EB9D24E21A5}.Debug|Any CPU.Build.0 = Debug|Any CPU
		{7808E922-FD11-4835-BB1B-8EB9D24E21A5}.Release|Any CPU.ActiveCfg = Release|Any CPU
		{7808E922-FD11-4835-BB1B-8EB9D24E21A5}.Release|Any CPU.Build.0 = Release|Any CPU
		{94072466-DC1F-4621-B4A2-5D5B9F2F0BC1}.Debug|Any CPU.ActiveCfg = Debug|Any CPU
		{94072466-DC1F-4621-B4A2-5D5B9F2F0BC1}.Debug|Any CPU.Build.0 = Debug|Any CPU
		{94072466-DC1F-4621-B4A2-5D5B9F2F0BC1}.Release|Any CPU.ActiveCfg = Release|Any CPU
		{94072466-DC1F-4621-B4A2-5D5B9F2F0BC1}.Release|Any CPU.Build.0 = Release|Any CPU
	EndGlobalSection
	GlobalSection(SolutionProperties) = preSolution
		HideSolutionNode = FALSE
	EndGlobalSection
EndGlobal
